
Microsoft Visual Studio Solution File, Format Version 12.00
# Visual Studio Version 16
VisualStudioVersion = 16.0.31025.194
MinimumVisualStudioVersion = 10.0.40219.1
Project("{FAE04EC0-301F-11D3-BF4B-00C04F79EFBC}") = "formOlusturma", "formOlusturma\formOlusturma.csproj", "{A46B0C47-7A36-45DD-A88E-05684935D9E3}"
EndProject
Global
	GlobalSection(SolutionConfigurationPlatforms) = preSolution
		Debug|Any CPU = Debug|Any CPU
		Release|Any CPU = Release|Any CPU
	EndGlobalSection
	GlobalSection(ProjectConfigurationPlatforms) = postSolution
		{A46B0C47-7A36-45DD-A88E-05684935D9E3}.Debug|Any CPU.ActiveCfg = Debug|Any CPU
		{A46B0C47-7A36-45DD-A88E-05684935D9E3}.Debug|Any CPU.Build.0 = Debug|Any CPU
		{A46B0C47-7A36-45DD-A88E-05684935D9E3}.Release|Any CPU.ActiveCfg = Release|Any CPU
		{A46B0C47-7A36-45DD-A88E-05684935D9E3}.Release|Any CPU.Build.0 = Release|Any CPU
	EndGlobalSection
	GlobalSection(SolutionProperties) = preSolution
		HideSolutionNode = FALSE
	EndGlobalSection
	GlobalSection(ExtensibilityGlobals) = postSolution
		SolutionGuid = {1FB5B837-18F5-4C83-A94C-D85245F2F71B}
	EndGlobalSection
EndGlobal
